
Microsoft Visual Studio Solution File, Format Version 12.00
# Visual Studio 15
VisualStudioVersion = 15.0.27130.2036
MinimumVisualStudioVersion = 10.0.40219.1
Project("{FAE04EC0-301F-11D3-BF4B-00C04F79EFBC}") = "SGL", "SGL.csproj", "{898DA96F-661C-4731-9F66-AD86628F1442}"
EndProject
Project("{FAE04EC0-301F-11D3-BF4B-00C04F79EFBC}") = "ExampleApp", "..\Example1\ExampleApp.csproj", "{892E28AF-D124-4ABB-9A00-5DD126C8D8C6}"
EndProject
Global
	GlobalSection(SolutionConfigurationPlatforms) = preSolution
		Debug|Any CPU = Debug|Any CPU
		Release|Any CPU = Release|Any CPU
	EndGlobalSection
	GlobalSection(ProjectConfigurationPlatforms) = postSolution
		{898DA96F-661C-4731-9F66-AD86628F1442}.Debug|Any CPU.ActiveCfg = Debug|Any CPU
		{898DA96F-661C-4731-9F66-AD86628F1442}.Debug|Any CPU.Build.0 = Debug|Any CPU
		{898DA96F-661C-4731-9F66-AD86628F1442}.Release|Any CPU.ActiveCfg = Release|Any CPU
		{898DA96F-661C-4731-9F66-AD86628F1442}.Release|Any CPU.Build.0 = Release|Any CPU
		{892E28AF-D124-4ABB-9A00-5DD126C8D8C6}.Debug|Any CPU.ActiveCfg = Debug|Any CPU
		{892E28AF-D124-4ABB-9A00-5DD126C8D8C6}.Debug|Any CPU.Build.0 = Debug|Any CPU
		{892E28AF-D124-4ABB-9A00-5DD126C8D8C6}.Release|Any CPU.ActiveCfg = Release|Any CPU
		{892E28AF-D124-4ABB-9A00-5DD126C8D8C6}.Release|Any CPU.Build.0 = Release|Any CPU
	EndGlobalSection
	GlobalSection(SolutionProperties) = preSolution
		HideSolutionNode = FALSE
	EndGlobalSection
	GlobalSection(ExtensibilityGlobals) = postSolution
		SolutionGuid = {457D2598-DFEE-4507-9059-1D84E5D62151}
	EndGlobalSection
EndGlobal
